// !$*UTF8*$!
{
	archiveVersion = 1;
	classes = {
	};
	objectVersion = 55;
	objects = {

/* Begin PBXBuildFile section */
		EC75E519272C488300CF5054 /* Actividad_SemanaiApp.swift in Sources */ = {isa = PBXBuildFile; fileRef = EC75E518272C488300CF5054 /* Actividad_SemanaiApp.swift */; };
		EC75E51B272C488300CF5054 /* WeatherView.swift in Sources */ = {isa = PBXBuildFile; fileRef = EC75E51A272C488300CF5054 /* WeatherView.swift */; };
		EC75E51D272C488400CF5054 /* Assets.xcassets in Resources */ = {isa = PBXBuildFile; fileRef = EC75E51C272C488400CF5054 /* Assets.xcassets */; };
		EC75E520272C488400CF5054 /* Preview Assets.xcassets in Resources */ = {isa = PBXBuildFile; fileRef = EC75E51F272C488400CF5054 /* Preview Assets.xcassets */; };
		EC75E529272C4D9F00CF5054 /* Weather.swift in Sources */ = {isa = PBXBuildFile; fileRef = EC75E528272C4D9F00CF5054 /* Weather.swift */; };
		EC75E52C272C519000CF5054 /* WeatherModel.swift in Sources */ = {isa = PBXBuildFile; fileRef = EC75E52B272C519000CF5054 /* WeatherModel.swift */; };
		EC75E52F272C63C300CF5054 /* Alamofire in Frameworks */ = {isa = PBXBuildFile; productRef = EC75E52E272C63C300CF5054 /* Alamofire */; };
		EC75E531272C63FE00CF5054 /* SwiftyJSON.swift in Sources */ = {isa = PBXBuildFile; fileRef = EC75E530272C63FE00CF5054 /* SwiftyJSON.swift */; };
		EC75E534272C642300CF5054 /* Kingfisher in Frameworks */ = {isa = PBXBuildFile; productRef = EC75E533272C642300CF5054 /* Kingfisher */; };
		EC75E536272C655500CF5054 /* WeatherConstants.swift in Sources */ = {isa = PBXBuildFile; fileRef = EC75E535272C655500CF5054 /* WeatherConstants.swift */; };
/* End PBXBuildFile section */

/* Begin PBXFileReference section */
		EC75E515272C488300CF5054 /* Actividad_Semanai.app */ = {isa = PBXFileReference; explicitFileType = wrapper.application; includeInIndex = 0; path = Actividad_Semanai.app; sourceTree = BUILT_PRODUCTS_DIR; };
		EC75E518272C488300CF5054 /* Actividad_SemanaiApp.swift */ = {isa = PBXFileReference; lastKnownFileType = sourcecode.swift; path = Actividad_SemanaiApp.swift; sourceTree = "<group>"; };
		EC75E51A272C488300CF5054 /* WeatherView.swift */ = {isa = PBXFileReference; lastKnownFileType = sourcecode.swift; path = WeatherView.swift; sourceTree = "<group>"; };
		EC75E51C272C488400CF5054 /* Assets.xcassets */ = {isa = PBXFileReference; lastKnownFileType = folder.assetcatalog; path = Assets.xcassets; sourceTree = "<group>"; };
		EC75E51F272C488400CF5054 /* Preview Assets.xcassets */ = {isa = PBXFileReference; lastKnownFileType = folder.assetcatalog; path = "Preview Assets.xcassets"; sourceTree = "<group>"; };
		EC75E528272C4D9F00CF5054 /* Weather.swift */ = {isa = PBXFileReference; lastKnownFileType = sourcecode.swift; path = Weather.swift; sourceTree = "<group>"; };
		EC75E52B272C519000CF5054 /* WeatherModel.swift */ = {isa = PBXFileReference; lastKnownFileType = sourcecode.swift; path = WeatherModel.swift; sourceTree = "<group>"; };
		EC75E530272C63FE00CF5054 /* SwiftyJSON.swift */ = {isa = PBXFileReference; fileEncoding = 4; lastKnownFileType = sourcecode.swift; path = SwiftyJSON.swift; sourceTree = "<group>"; };
		EC75E535272C655500CF5054 /* WeatherConstants.swift */ = {isa = PBXFileReference; lastKnownFileType = sourcecode.swift; path = WeatherConstants.swift; sourceTree = "<group>"; };
/* End PBXFileReference section */

/* Begin PBXFrameworksBuildPhase section */
		EC75E512272C488300CF5054 /* Frameworks */ = {
			isa = PBXFrameworksBuildPhase;
			buildActionMask = 2147483647;
			files = (
				EC75E534272C642300CF5054 /* Kingfisher in Frameworks */,
				EC75E52F272C63C300CF5054 /* Alamofire in Frameworks */,
			);
			runOnlyForDeploymentPostprocessing = 0;
		};
/* End PBXFrameworksBuildPhase section */

/* Begin PBXGroup section */
		EC75E50C272C488300CF5054 = {
			isa = PBXGroup;
			children = (
				EC75E517272C488300CF5054 /* Actividad_Semanai */,
				EC75E516272C488300CF5054 /* Products */,
			);
			sourceTree = "<group>";
		};
		EC75E516272C488300CF5054 /* Products */ = {
			isa = PBXGroup;
			children = (
				EC75E515272C488300CF5054 /* Actividad_Semanai.app */,
			);
			name = Products;
			sourceTree = "<group>";
		};
		EC75E517272C488300CF5054 /* Actividad_Semanai */ = {
			isa = PBXGroup;
			children = (
				EC75E52A272C4DAD00CF5054 /* Model */,
				EC7B4AC4273B1AAF00B281CB /* ViewModel */,
				EC7B4AC5273B1AC100B281CB /* Views */,
				EC75E535272C655500CF5054 /* WeatherConstants.swift */,
				EC75E518272C488300CF5054 /* Actividad_SemanaiApp.swift */,
				EC75E530272C63FE00CF5054 /* SwiftyJSON.swift */,
				EC75E51C272C488400CF5054 /* Assets.xcassets */,
				EC75E51E272C488400CF5054 /* Preview Content */,
			);
			path = Actividad_Semanai;
			sourceTree = "<group>";
		};
		EC75E51E272C488400CF5054 /* Preview Content */ = {
			isa = PBXGroup;
			children = (
				EC75E51F272C488400CF5054 /* Preview Assets.xcassets */,
			);
			path = "Preview Content";
			sourceTree = "<group>";
		};
		EC75E52A272C4DAD00CF5054 /* Model */ = {
			isa = PBXGroup;
			children = (
				EC75E528272C4D9F00CF5054 /* Weather.swift */,
			);
			path = Model;
			sourceTree = "<group>";
		};
		EC7B4AC4273B1AAF00B281CB /* ViewModel */ = {
			isa = PBXGroup;
			children = (
				EC75E52B272C519000CF5054 /* WeatherModel.swift */,
			);
			path = ViewModel;
			sourceTree = "<group>";
		};
		EC7B4AC5273B1AC100B281CB /* Views */ = {
			isa = PBXGroup;
			children = (
				EC75E51A272C488300CF5054 /* WeatherView.swift */,
			);
			path = Views;
			sourceTree = "<group>";
		};
/* End PBXGroup section */

/* Begin PBXNativeTarget section */
		EC75E514272C488300CF5054 /* Actividad_Semanai */ = {
			isa = PBXNativeTarget;
			buildConfigurationList = EC75E523272C488400CF5054 /* Build configuration list for PBXNativeTarget "Actividad_Semanai" */;
			buildPhases = (
				EC75E511272C488300CF5054 /* Sources */,
				EC75E512272C488300CF5054 /* Frameworks */,
				EC75E513272C488300CF5054 /* Resources */,
			);
			buildRules = (
			);
			dependencies = (
			);
			name = Actividad_Semanai;
			packageProductDependencies = (
				EC75E52E272C63C300CF5054 /* Alamofire */,
				EC75E533272C642300CF5054 /* Kingfisher */,
			);
			productName = Actividad_Semanai;
			productReference = EC75E515272C488300CF5054 /* Actividad_Semanai.app */;
			productType = "com.apple.product-type.application";
		};
/* End PBXNativeTarget section */

/* Begin PBXProject section */
		EC75E50D272C488300CF5054 /* Project object */ = {
			isa = PBXProject;
			attributes = {
				BuildIndependentTargetsInParallel = 1;
				LastSwiftUpdateCheck = 1310;
				LastUpgradeCheck = 1310;
				TargetAttributes = {
					EC75E514272C488300CF5054 = {
						CreatedOnToolsVersion = 13.1;
					};
				};
			};
			buildConfigurationList = EC75E510272C488300CF5054 /* Build configuration list for PBXProject "Actividad_Semanai" */;
			compatibilityVersion = "Xcode 13.0";
			developmentRegion = en;
			hasScannedForEncodings = 0;
			knownRegions = (
				en,
				Base,
			);
			mainGroup = EC75E50C272C488300CF5054;
			packageReferences = (
				EC75E52D272C63C300CF5054 /* XCRemoteSwiftPackageReference "Alamofire" */,
				EC75E532272C642300CF5054 /* XCRemoteSwiftPackageReference "Kingfisher" */,
			);
			productRefGroup = EC75E516272C488300CF5054 /* Products */;
			projectDirPath = "";
			projectRoot = "";
			targets = (
				EC75E514272C488300CF5054 /* Actividad_Semanai */,
			);
		};
/* End PBXProject section */

/* Begin PBXResourcesBuildPhase section */
		EC75E513272C488300CF5054 /* Resources */ = {
			isa = PBXResourcesBuildPhase;
			buildActionMask = 2147483647;
			files = (
				EC75E520272C488400CF5054 /* Preview Assets.xcassets in Resources */,
				EC75E51D272C488400CF5054 /* Assets.xcassets in Resources */,
			);
			runOnlyForDeploymentPostprocessing = 0;
		};
/* End PBXResourcesBuildPhase section */

/* Begin PBXSourcesBuildPhase section */
		EC75E511272C488300CF5054 /* Sources */ = {
			isa = PBXSourcesBuildPhase;
			buildActionMask = 2147483647;
			files = (
				EC75E52C272C519000CF5054 /* WeatherModel.swift in Sources */,
				EC75E529272C4D9F00CF5054 /* Weather.swift in Sources */,
				EC75E51B272C488300CF5054 /* WeatherView.swift in Sources */,
				EC75E531272C63FE00CF5054 /* SwiftyJSON.swift in Sources */,
				EC75E536272C655500CF5054 /* WeatherConstants.swift in Sources */,
				EC75E519272C488300CF5054 /* Actividad_SemanaiApp.swift in Sources */,
			);
			runOnlyForDeploymentPostprocessing = 0;
		};
/* End PBXSourcesBuildPhase section */

/* Begin XCBuildConfiguration section */
		EC75E521272C488400CF5054 /* Debug */ = {
			isa = XCBuildConfiguration;
			buildSettings = {
				ALWAYS_SEARCH_USER_PATHS = NO;
				CLANG_ANALYZER_NONNULL = YES;
				CLANG_ANALYZER_NUMBER_OBJECT_CONVERSION = YES_AGGRESSIVE;
				CLANG_CXX_LANGUAGE_STANDARD = "gnu++17";
				CLANG_CXX_LIBRARY = "libc++";
				CLANG_ENABLE_MODULES = YES;
				CLANG_ENABLE_OBJC_ARC = YES;
				CLANG_ENABLE_OBJC_WEAK = YES;
				CLANG_WARN_BLOCK_CAPTURE_AUTORELEASING = YES;
				CLANG_WARN_BOOL_CONVERSION = YES;
				CLANG_WARN_COMMA = YES;
				CLANG_WARN_CONSTANT_CONVERSION = YES;
				CLANG_WARN_DEPRECATED_OBJC_IMPLEMENTATIONS = YES;
				CLANG_WARN_DIRECT_OBJC_ISA_USAGE = YES_ERROR;
				CLANG_WARN_DOCUMENTATION_COMMENTS = YES;
				CLANG_WARN_EMPTY_BODY = YES;
				CLANG_WARN_ENUM_CONVERSION = YES;
				CLANG_WARN_INFINITE_RECURSION = YES;
				CLANG_WARN_INT_CONVERSION = YES;
				CLANG_WARN_NON_LITERAL_NULL_CONVERSION = YES;
				CLANG_WARN_OBJC_IMPLICIT_RETAIN_SELF = YES;
				CLANG_WARN_OBJC_LITERAL_CONVERSION = YES;
				CLANG_WARN_OBJC_ROOT_CLASS = YES_ERROR;
				CLANG_WARN_QUOTED_INCLUDE_IN_FRAMEWORK_HEADER = YES;
				CLANG_WARN_RANGE_LOOP_ANALYSIS = YES;
				CLANG_WARN_STRICT_PROTOTYPES = YES;
				CLANG_WARN_SUSPICIOUS_MOVE = YES;
				CLANG_WARN_UNGUARDED_AVAILABILITY = YES_AGGRESSIVE;
				CLANG_WARN_UNREACHABLE_CODE = YES;
				CLANG_WARN__DUPLICATE_METHOD_MATCH = YES;
				COPY_PHASE_STRIP = NO;
				DEBUG_INFORMATION_FORMAT = dwarf;
				ENABLE_STRICT_OBJC_MSGSEND = YES;
				ENABLE_TESTABILITY = YES;
				GCC_C_LANGUAGE_STANDARD = gnu11;
				GCC_DYNAMIC_NO_PIC = NO;
				GCC_NO_COMMON_BLOCKS = YES;
				GCC_OPTIMIZATION_LEVEL = 0;
				GCC_PREPROCESSOR_DEFINITIONS = (
					"DEBUG=1",
					"$(inherited)",
				);
				GCC_WARN_64_TO_32_BIT_CONVERSION = YES;
				GCC_WARN_ABOUT_RETURN_TYPE = YES_ERROR;
				GCC_WARN_UNDECLARED_SELECTOR = YES;
				GCC_WARN_UNINITIALIZED_AUTOS = YES_AGGRESSIVE;
				GCC_WARN_UNUSED_FUNCTION = YES;
				GCC_WARN_UNUSED_VARIABLE = YES;
				IPHONEOS_DEPLOYMENT_TARGET = 15.0;
				MTL_ENABLE_DEBUG_INFO = INCLUDE_SOURCE;
				MTL_FAST_MATH = YES;
				ONLY_ACTIVE_ARCH = YES;
				SDKROOT = iphoneos;
				SWIFT_ACTIVE_COMPILATION_CONDITIONS = DEBUG;
				SWIFT_OPTIMIZATION_LEVEL = "-Onone";
			};
			name = Debug;
		};
		EC75E522272C488400CF5054 /* Release */ = {
			isa = XCBuildConfiguration;
			buildSettings = {
				ALWAYS_SEARCH_USER_PATHS = NO;
				CLANG_ANALYZER_NONNULL = YES;
				CLANG_ANALYZER_NUMBER_OBJECT_CONVERSION = YES_AGGRESSIVE;
				CLANG_CXX_LANGUAGE_STANDARD = "gnu++17";
				CLANG_CXX_LIBRARY = "libc++";
				CLANG_ENABLE_MODULES = YES;
				CLANG_ENABLE_OBJC_ARC = YES;
				CLANG_ENABLE_OBJC_WEAK = YES;
				CLANG_WARN_BLOCK_CAPTURE_AUTORELEASING = YES;
				CLANG_WARN_BOOL_CONVERSION = YES;
				CLANG_WARN_COMMA = YES;
				CLANG_WARN_CONSTANT_CONVERSION = YES;
				CLANG_WARN_DEPRECATED_OBJC_IMPLEMENTATIONS = YES;
				CLANG_WARN_DIRECT_OBJC_ISA_USAGE = YES_ERROR;
				CLANG_WARN_DOCUMENTATION_COMMENTS = YES;
				CLANG_WARN_EMPTY_BODY = YES;
				CLANG_WARN_ENUM_CONVERSION = YES;
				CLANG_WARN_INFINITE_RECURSION = YES;
				CLANG_WARN_INT_CONVERSION = YES;
				CLANG_WARN_NON_LITERAL_NULL_CONVERSION = YES;
				CLANG_WARN_OBJC_IMPLICIT_RETAIN_SELF = YES;
				CLANG_WARN_OBJC_LITERAL_CONVERSION = YES;
				CLANG_WARN_OBJC_ROOT_CLASS = YES_ERROR;
				CLANG_WARN_QUOTED_INCLUDE_IN_FRAMEWORK_HEADER = YES;
				CLANG_WARN_RANGE_LOOP_ANALYSIS = YES;
				CLANG_WARN_STRICT_PROTOTYPES = YES;
				CLANG_WARN_SUSPICIOUS_MOVE = YES;
				CLANG_WARN_UNGUARDED_AVAILABILITY = YES_AGGRESSIVE;
				CLANG_WARN_UNREACHABLE_CODE = YES;
				CLANG_WARN__DUPLICATE_METHOD_MATCH = YES;
				COPY_PHASE_STRIP = NO;
				DEBUG_INFORMATION_FORMAT = "dwarf-with-dsym";
				ENABLE_NS_ASSERTIONS = NO;
				ENABLE_STRICT_OBJC_MSGSEND = YES;
				GCC_C_LANGUAGE_STANDARD = gnu11;
				GCC_NO_COMMON_BLOCKS = YES;
				GCC_WARN_64_TO_32_BIT_CONVERSION = YES;
				GCC_WARN_ABOUT_RETURN_TYPE = YES_ERROR;
				GCC_WARN_UNDECLARED_SELECTOR = YES;
				GCC_WARN_UNINITIALIZED_AUTOS = YES_AGGRESSIVE;
				GCC_WARN_UNUSED_FUNCTION = YES;
				GCC_WARN_UNUSED_VARIABLE = YES;
				IPHONEOS_DEPLOYMENT_TARGET = 15.0;
				MTL_ENABLE_DEBUG_INFO = NO;
				MTL_FAST_MATH = YES;
				SDKROOT = iphoneos;
				SWIFT_COMPILATION_MODE = wholemodule;
				SWIFT_OPTIMIZATION_LEVEL = "-O";
				VALIDATE_PRODUCT = YES;
			};
			name = Release;
		};
		EC75E524272C488400CF5054 /* Debug */ = {
			isa = XCBuildConfiguration;
			buildSettings = {
				ASSETCATALOG_COMPILER_APPICON_NAME = AppIcon;
				ASSETCATALOG_COMPILER_GLOBAL_ACCENT_COLOR_NAME = AccentColor;
				CODE_SIGN_STYLE = Automatic;
				CURRENT_PROJECT_VERSION = 1;
				DEVELOPMENT_ASSET_PATHS = "\"Actividad_Semanai/Preview Content\"";
				DEVELOPMENT_TEAM = NA39TN9Y3A;
				ENABLE_PREVIEWS = YES;
				GENERATE_INFOPLIST_FILE = YES;
				INFOPLIST_KEY_NSLocationWhenInUseUsageDescription = "Se necesita la ubicación para proporcionar el clima";
				INFOPLIST_KEY_UIApplicationSceneManifest_Generation = YES;
				INFOPLIST_KEY_UIApplicationSupportsIndirectInputEvents = YES;
				INFOPLIST_KEY_UILaunchScreen_Generation = YES;
				INFOPLIST_KEY_UISupportedInterfaceOrientations_iPad = "UIInterfaceOrientationPortrait UIInterfaceOrientationPortraitUpsideDown UIInterfaceOrientationLandscapeLeft UIInterfaceOrientationLandscapeRight";
				INFOPLIST_KEY_UISupportedInterfaceOrientations_iPhone = "UIInterfaceOrientationPortrait UIInterfaceOrientationLandscapeLeft UIInterfaceOrientationLandscapeRight";
				LD_RUNPATH_SEARCH_PATHS = (
					"$(inherited)",
					"@executable_path/Frameworks",
				);
				MARKETING_VERSION = 1.0;
				PRODUCT_BUNDLE_IDENTIFIER = "A01731687.Actividad-Semanai";
				PRODUCT_NAME = "$(TARGET_NAME)";
				SWIFT_EMIT_LOC_STRINGS = YES;
				SWIFT_VERSION = 5.0;
				TARGETED_DEVICE_FAMILY = 1;
			};
			name = Debug;
		};
		EC75E525272C488400CF5054 /* Release */ = {
			isa = XCBuildConfiguration;
			buildSettings = {
				ASSETCATALOG_COMPILER_APPICON_NAME = AppIcon;
				ASSETCATALOG_COMPILER_GLOBAL_ACCENT_COLOR_NAME = AccentColor;
				CODE_SIGN_STYLE = Automatic;
				CURRENT_PROJECT_VERSION = 1;
				DEVELOPMENT_ASSET_PATHS = "\"Actividad_Semanai/Preview Content\"";
				DEVELOPMENT_TEAM = NA39TN9Y3A;
				ENABLE_PREVIEWS = YES;
				GENERATE_INFOPLIST_FILE = YES;
				INFOPLIST_KEY_NSLocationWhenInUseUsageDescription = "Se necesita la ubicación para proporcionar el clima";
				INFOPLIST_KEY_UIApplicationSceneManifest_Generation = YES;
				INFOPLIST_KEY_UIApplicationSupportsIndirectInputEvents = YES;
				INFOPLIST_KEY_UILaunchScreen_Generation = YES;
				INFOPLIST_KEY_UISupportedInterfaceOrientations_iPad = "UIInterfaceOrientationPortrait UIInterfaceOrientationPortraitUpsideDown UIInterfaceOrientationLandscapeLeft UIInterfaceOrientationLandscapeRight";
				INFOPLIST_KEY_UISupportedInterfaceOrientations_iPhone = "UIInterfaceOrientationPortrait UIInterfaceOrientationLandscapeLeft UIInterfaceOrientationLandscapeRight";
				LD_RUNPATH_SEARCH_PATHS = (
					"$(inherited)",
					"@executable_path/Frameworks",
				);
				MARKETING_VERSION = 1.0;
				PRODUCT_BUNDLE_IDENTIFIER = "A01731687.Actividad-Semanai";
				PRODUCT_NAME = "$(TARGET_NAME)";
				SWIFT_EMIT_LOC_STRINGS = YES;
				SWIFT_VERSION = 5.0;
				TARGETED_DEVICE_FAMILY = 1;
			};
			name = Release;
		};
/* End XCBuildConfiguration section */

/* Begin XCConfigurationList section */
		EC75E510272C488300CF5054 /* Build configuration list for PBXProject "Actividad_Semanai" */ = {
			isa = XCConfigurationList;
			buildConfigurations = (
				EC75E521272C488400CF5054 /* Debug */,
				EC75E522272C488400CF5054 /* Release */,
			);
			defaultConfigurationIsVisible = 0;
			defaultConfigurationName = Release;
		};
		EC75E523272C488400CF5054 /* Build configuration list for PBXNativeTarget "Actividad_Semanai" */ = {
			isa = XCConfigurationList;
			buildConfigurations = (
				EC75E524272C488400CF5054 /* Debug */,
				EC75E525272C488400CF5054 /* Release */,
			);
			defaultConfigurationIsVisible = 0;
			defaultConfigurationName = Release;
		};
/* End XCConfigurationList section */

/* Begin XCRemoteSwiftPackageReference section */
		EC75E52D272C63C300CF5054 /* XCRemoteSwiftPackageReference "Alamofire" */ = {
			isa = XCRemoteSwiftPackageReference;
			repositoryURL = "https://github.com/Alamofire/Alamofire.git";
			requirement = {
				kind = upToNextMajorVersion;
				minimumVersion = 5.0.0;
			};
		};
		EC75E532272C642300CF5054 /* XCRemoteSwiftPackageReference "Kingfisher" */ = {
			isa = XCRemoteSwiftPackageReference;
			repositoryURL = "https://github.com/onevcat/Kingfisher.git";
			requirement = {
				kind = upToNextMajorVersion;
				minimumVersion = 7.0.0;
			};
		};
/* End XCRemoteSwiftPackageReference section */

/* Begin XCSwiftPackageProductDependency section */
		EC75E52E272C63C300CF5054 /* Alamofire */ = {
			isa = XCSwiftPackageProductDependency;
			package = EC75E52D272C63C300CF5054 /* XCRemoteSwiftPackageReference "Alamofire" */;
			productName = Alamofire;
		};
		EC75E533272C642300CF5054 /* Kingfisher */ = {
			isa = XCSwiftPackageProductDependency;
			package = EC75E532272C642300CF5054 /* XCRemoteSwiftPackageReference "Kingfisher" */;
			productName = Kingfisher;
		};
/* End XCSwiftPackageProductDependency section */
	};
	rootObject = EC75E50D272C488300CF5054 /* Project object */;
}
